{
  "nodes": {
    "awesome": {
      "flake": false,
      "locked": {
        "lastModified": 1653855029,
        "narHash": "sha256-4z3w6iuv+Gw2xRvhv2AX4suO6dl82woJn0p1nkEx3uM=",
        "owner": "awesomewm",
        "repo": "awesome",
        "rev": "3a542219f3bf129546ae79eb20e384ea28fa9798",
        "type": "github"
      },
      "original": {
        "owner": "awesomewm",
        "repo": "awesome",
        "type": "github"
      }
    },
    "awesome-config": {
      "inputs": {
        "awesome": "awesome",
        "flake-utils": [
          "flake-utils"
        ],
        "lain": "lain",
        "nixpkgs": [
          "nixpkgs"
        ]
      },
      "locked": {
        "lastModified": 1654035201,
        "narHash": "sha256-kkfknFEcGutSxAmPFgQULu33A6iStG2S1WrzagcNU1I=",
        "owner": "leixb",
        "repo": "awesome-copycats",
        "rev": "074be070f9307124f1a55281c613a486a2de15e2",
        "type": "github"
      },
      "original": {
        "owner": "leixb",
        "repo": "awesome-copycats",
        "type": "github"
      }
    },
    "comma": {
      "inputs": {
        "flake-compat": "flake-compat",
        "naersk": [
          "rnix-lsp",
          "naersk"
        ],
        "nixpkgs": [
          "nixpkgs"
        ],
        "utils": [
          "flake-utils"
        ]
      },
      "locked": {
        "lastModified": 1650481854,
        "narHash": "sha256-CZQLigKovJbMoTbPuWT3SBSMymjD58m72O/oy+HilQg=",
        "owner": "nix-community",
        "repo": "comma",
        "rev": "034a9ca440370fc1eccbed43ff345fb6ea1f0d27",
        "type": "github"
      },
      "original": {
        "owner": "nix-community",
        "repo": "comma",
        "type": "github"
      }
    },
    "firefox-addons": {
      "inputs": {
        "flake-utils": [
          "flake-utils"
        ],
        "nixpkgs": [
          "nixpkgs"
        ]
      },
      "locked": {
        "dir": "pkgs/firefox-addons",
        "lastModified": 1653969743,
        "narHash": "sha256-vVKEc8wxmpTwGtnkRYc9d/4R4Ef51fFm/79orIhypuo=",
        "owner": "rycee",
        "repo": "nur-expressions",
        "rev": "e87e1fc5bcbd7fc671372762c6fa4152220c51e6",
        "type": "gitlab"
      },
      "original": {
        "dir": "pkgs/firefox-addons",
        "owner": "rycee",
        "repo": "nur-expressions",
        "type": "gitlab"
      }
    },
    "flake-compat": {
      "flake": false,
      "locked": {
        "lastModified": 1648199409,
        "narHash": "sha256-JwPKdC2PoVBkG6E+eWw3j6BMR6sL3COpYWfif7RVb8Y=",
        "owner": "edolstra",
        "repo": "flake-compat",
        "rev": "64a525ee38886ab9028e6f61790de0832aa3ef03",
        "type": "github"
      },
      "original": {
        "owner": "edolstra",
        "repo": "flake-compat",
        "type": "github"
      }
    },
    "flake-utils": {
      "locked": {
        "lastModified": 1653893745,
        "narHash": "sha256-0jntwV3Z8//YwuOjzhV2sgJJPt+HY6KhU7VZUL0fKZQ=",
        "owner": "numtide",
        "repo": "flake-utils",
        "rev": "1ed9fb1935d260de5fe1c2f7ee0ebaae17ed2fa1",
        "type": "github"
      },
      "original": {
        "owner": "numtide",
        "repo": "flake-utils",
        "type": "github"
      }
    },
    "flake-utils_2": {
      "locked": {
        "lastModified": 1644229661,
        "narHash": "sha256-1YdnJAsNy69bpcjuoKdOYQX0YxZBiCYZo4Twxerqv7k=",
        "owner": "numtide",
        "repo": "flake-utils",
        "rev": "3cecb5b042f7f209c56ffd8371b2711a290ec797",
        "type": "github"
      },
      "original": {
        "owner": "numtide",
        "repo": "flake-utils",
        "type": "github"
      }
    },
    "home-manager": {
      "inputs": {
        "nixpkgs": [
          "nixpkgs"
        ]
      },
      "locked": {
        "lastModified": 1653943687,
        "narHash": "sha256-xXW9t24HLf89+n/92kOqRRfOBE3KDna+9rAOefs5WSQ=",
        "owner": "nix-community",
        "repo": "home-manager",
        "rev": "8f3e26705178cc8c1d982d37d881fc0d5b5b1837",
        "type": "github"
      },
      "original": {
        "owner": "nix-community",
        "ref": "master",
        "repo": "home-manager",
        "type": "github"
      }
    },
    "lain": {
      "flake": false,
      "locked": {
        "lastModified": 1652285097,
        "narHash": "sha256-FXD42ClJmFXfGs66NUJJaOnNVC/1SU7ovbyymASF5JU=",
        "owner": "lcpz",
        "repo": "lain",
        "rev": "29f8d1fc361ee0f0b11fb08cccaa0a0a5b93aa48",
        "type": "github"
      },
      "original": {
        "owner": "lcpz",
        "repo": "lain",
        "type": "github"
      }
    },
    "naersk": {
      "inputs": {
        "nixpkgs": [
          "rnix-lsp",
          "nixpkgs"
        ]
      },
      "locked": {
        "lastModified": 1639947939,
        "narHash": "sha256-pGsM8haJadVP80GFq4xhnSpNitYNQpaXk4cnA796Cso=",
        "owner": "nix-community",
        "repo": "naersk",
        "rev": "2fc8ce9d3c025d59fee349c1f80be9785049d653",
        "type": "github"
      },
      "original": {
        "owner": "nix-community",
        "repo": "naersk",
        "type": "github"
      }
    },
    "neovim-config": {
      "flake": false,
      "locked": {
        "lastModified": 1654012224,
        "narHash": "sha256-6ydSteDbh2dr4M0YwmQTp+BE6ibyPjero2/LTrZnvdY=",
        "owner": "leixb",
        "repo": "neovim-config",
        "rev": "75c15a99105a32ff6a0212fee76eb8e52a1c8c62",
        "type": "github"
      },
      "original": {
        "owner": "leixb",
        "repo": "neovim-config",
        "type": "github"
      }
    },
    "neovim-flake": {
      "inputs": {
        "flake-utils": "flake-utils_2",
        "nixpkgs": [
          "neovim-nightly-overlay",
          "nixpkgs"
        ]
      },
      "locked": {
        "dir": "contrib",
        "lastModified": 1653958105,
        "narHash": "sha256-ZY5R/CHxneWdMoAtI8l+utQopIe2vyliPu/MEEj+P+w=",
        "owner": "neovim",
        "repo": "neovim",
        "rev": "b7d70de345dbdc52bc2690246b6a329a3b6bda09",
        "type": "github"
      },
      "original": {
        "dir": "contrib",
        "owner": "neovim",
        "repo": "neovim",
        "type": "github"
      }
    },
    "neovim-nightly-overlay": {
      "inputs": {
        "flake-compat": [
          "comma",
          "flake-compat"
        ],
        "neovim-flake": "neovim-flake",
        "nixpkgs": [
          "nixpkgs"
        ]
      },
      "locked": {
        "lastModified": 1653985206,
        "narHash": "sha256-dhZq+HbBXLsE6B3ta3tryOZJBuW9CDDhmIWRK9RUfzk=",
        "owner": "nix-community",
        "repo": "neovim-nightly-overlay",
        "rev": "ca286837138cc963c391195a87e410e48c031083",
        "type": "github"
      },
      "original": {
        "owner": "nix-community",
        "repo": "neovim-nightly-overlay",
        "type": "github"
      }
    },
    "nixpkgs": {
      "locked": {
        "lastModified": 1653931853,
        "narHash": "sha256-O3wncIouj9x7gBPntzHeK/Hkmm9M1SGlYq7JI7saTAE=",
        "owner": "nixos",
        "repo": "nixpkgs",
        "rev": "f1c167688a6f81f4a51ab542e5f476c8c595e457",
        "type": "github"
      },
      "original": {
        "owner": "nixos",
        "ref": "nixos-unstable",
        "repo": "nixpkgs",
        "type": "github"
      }
    },
    "nixpkgs_stable": {
      "locked": {
        "lastModified": 1653920503,
        "narHash": "sha256-BBeCZwZImtjP3oYy4WogkQYy5OxNyfNciVSc1AfZgLQ=",
        "owner": "nixos",
        "repo": "nixpkgs",
        "rev": "a634c8f6c1fbf9b9730e01764999666f3436f10a",
        "type": "github"
      },
      "original": {
        "owner": "nixos",
        "ref": "nixos-22.05",
        "repo": "nixpkgs",
        "type": "github"
      }
    },
    "nixpkgs_trunk": {
      "locked": {
        "lastModified": 1654037695,
        "narHash": "sha256-z/TqS2a8QsFGTy8aQjWUR/L7IOqQE3yeUdwcr5LZCYE=",
        "owner": "nixos",
        "repo": "nixpkgs",
        "rev": "28f5a2f2ebe38f3d8057456cbe55e7a175f24f30",
        "type": "github"
      },
      "original": {
        "owner": "nixos",
        "repo": "nixpkgs",
        "type": "github"
      }
    },
    "rnix-lsp": {
      "inputs": {
        "naersk": "naersk",
        "nixpkgs": [
          "nixpkgs"
        ],
        "utils": [
          "flake-utils"
        ]
      },
      "locked": {
        "lastModified": 1651229115,
        "narHash": "sha256-ic9hnLq3f7KIpr0uJXptHOImPv4CqznTE9yBM/LCiko=",
        "owner": "nix-community",
        "repo": "rnix-lsp",
        "rev": "9736265eb4fd4d1488b34b229ad1ab589610740e",
        "type": "github"
      },
      "original": {
        "owner": "nix-community",
        "repo": "rnix-lsp",
        "type": "github"
      }
    },
    "root": {
      "inputs": {
        "awesome-config": "awesome-config",
        "comma": "comma",
        "firefox-addons": "firefox-addons",
        "flake-utils": "flake-utils",
        "home-manager": "home-manager",
        "neovim-config": "neovim-config",
        "neovim-flake": [
          "neovim-nightly-overlay",
          "neovim-flake"
        ],
        "neovim-nightly-overlay": "neovim-nightly-overlay",
        "nixpkgs": "nixpkgs",
        "nixpkgs_stable": "nixpkgs_stable",
        "nixpkgs_trunk": "nixpkgs_trunk",
        "rnix-lsp": "rnix-lsp",
        "utils": [
          "flake-utils"
        ]
      }
    }
  },
  "root": "root",
  "version": 7
}
