{
  "nodes": {
    "agenix": {
      "inputs": {
        "darwin": "darwin",
        "nixpkgs": [
          "nixpkgs"
        ]
      },
      "locked": {
        "lastModified": 1682101079,
        "narHash": "sha256-MdAhtjrLKnk2uiqun1FWABbKpLH090oeqCSiWemtuck=",
        "owner": "ryantm",
        "repo": "agenix",
        "rev": "2994d002dcff5353ca1ac48ec584c7f6589fe447",
        "type": "github"
      },
      "original": {
        "owner": "ryantm",
        "repo": "agenix",
        "type": "github"
      }
    },
    "awesome": {
      "flake": false,
      "locked": {
        "lastModified": 1682234925,
        "narHash": "sha256-+bd9e2GDKwt71H1m6QbyMP8kDBRDxAJ9eK+5TerMSfQ=",
        "owner": "awesomewm",
        "repo": "awesome",
        "rev": "b6263bf209dc69482ddbf10987e1f71577bc98cb",
        "type": "github"
      },
      "original": {
        "owner": "awesomewm",
        "repo": "awesome",
        "type": "github"
      }
    },
    "awesome-config": {
      "inputs": {
        "awesome": [
          "awesome"
        ],
        "flake-utils": [
          "flake-utils"
        ],
        "lain": [
          "lain"
        ],
        "nixpkgs": [
          "nixpkgs"
        ]
      },
      "locked": {
        "lastModified": 1669418081,
        "narHash": "sha256-KbE/uYWiWN38AvJzYXLXHp66dqNz3TlNRId193ylCUs=",
        "owner": "leixb",
        "repo": "awesome-copycats",
        "rev": "da6610066069d8a1df65427cf6d33ff35ac9a4e4",
        "type": "github"
      },
      "original": {
        "owner": "leixb",
        "repo": "awesome-copycats",
        "type": "github"
      }
    },
    "darwin": {
      "inputs": {
        "nixpkgs": [
          "agenix",
          "nixpkgs"
        ]
      },
      "locked": {
        "lastModified": 1673295039,
        "narHash": "sha256-AsdYgE8/GPwcelGgrntlijMg4t3hLFJFCRF3tL5WVjA=",
        "owner": "lnl7",
        "repo": "nix-darwin",
        "rev": "87b9d090ad39b25b2400029c64825fc2a8868943",
        "type": "github"
      },
      "original": {
        "owner": "lnl7",
        "ref": "master",
        "repo": "nix-darwin",
        "type": "github"
      }
    },
    "deploy-rs": {
      "inputs": {
        "flake-compat": [
          "flake-compat"
        ],
        "nixpkgs": [
          "nixpkgs"
        ],
        "utils": [
          "flake-utils"
        ]
      },
      "locked": {
        "lastModified": 1682063650,
        "narHash": "sha256-VaDHh2z6xlnTHaONlNVHP7qEMcK5rZ8Js3sT6mKb2XY=",
        "owner": "serokell",
        "repo": "deploy-rs",
        "rev": "c2ea4e642dc50fd44b537e9860ec95867af30d39",
        "type": "github"
      },
      "original": {
        "owner": "serokell",
        "repo": "deploy-rs",
        "type": "github"
      }
    },
    "devenv": {
      "inputs": {
        "flake-compat": "flake-compat",
        "nix": "nix",
        "nixpkgs": "nixpkgs",
        "pre-commit-hooks": "pre-commit-hooks"
      },
      "locked": {
        "lastModified": 1677756438,
        "narHash": "sha256-BbnndIfKkPL6M4pYMCjm6ebh2a/mTSqsXW9uezYb8Wk=",
        "owner": "cachix",
        "repo": "devenv",
        "rev": "2cae5ec87e6111aec5e46b2137fb8ab4a75b5960",
        "type": "github"
      },
      "original": {
        "owner": "cachix",
        "ref": "v0.6",
        "repo": "devenv",
        "type": "github"
      }
    },
    "firefox-addons": {
      "inputs": {
        "flake-utils": [
          "flake-utils"
        ],
        "nixpkgs": [
          "nixpkgs"
        ]
      },
      "locked": {
        "dir": "pkgs/firefox-addons",
        "lastModified": 1682275514,
        "narHash": "sha256-3aflRrsKdq1R+46rnRWGP8bl9tlNHdbt3py6ffHcNG4=",
        "owner": "rycee",
        "repo": "nur-expressions",
        "rev": "7d788d99bf5471833860a3cf7c5867f1c78012ff",
        "type": "gitlab"
      },
      "original": {
        "dir": "pkgs/firefox-addons",
        "owner": "rycee",
        "repo": "nur-expressions",
        "type": "gitlab"
      }
    },
    "flake-compat": {
      "flake": false,
      "locked": {
        "lastModified": 1673956053,
        "narHash": "sha256-4gtG9iQuiKITOjNQQeQIpoIB6b16fm+504Ch3sNKLd8=",
        "owner": "edolstra",
        "repo": "flake-compat",
        "rev": "35bb57c0c8d8b62bbfd284272c928ceb64ddbde9",
        "type": "github"
      },
      "original": {
        "owner": "edolstra",
        "repo": "flake-compat",
        "type": "github"
      }
    },
    "flake-compat_2": {
      "flake": false,
      "locked": {
        "lastModified": 1673956053,
        "narHash": "sha256-4gtG9iQuiKITOjNQQeQIpoIB6b16fm+504Ch3sNKLd8=",
        "owner": "edolstra",
        "repo": "flake-compat",
        "rev": "35bb57c0c8d8b62bbfd284272c928ceb64ddbde9",
        "type": "github"
      },
      "original": {
        "owner": "edolstra",
        "repo": "flake-compat",
        "type": "github"
      }
    },
    "flake-compat_3": {
      "flake": false,
      "locked": {
        "lastModified": 1673956053,
        "narHash": "sha256-4gtG9iQuiKITOjNQQeQIpoIB6b16fm+504Ch3sNKLd8=",
        "owner": "edolstra",
        "repo": "flake-compat",
        "rev": "35bb57c0c8d8b62bbfd284272c928ceb64ddbde9",
        "type": "github"
      },
      "original": {
        "owner": "edolstra",
        "repo": "flake-compat",
        "type": "github"
      }
    },
    "flake-compat_4": {
      "flake": false,
      "locked": {
        "lastModified": 1673956053,
        "narHash": "sha256-4gtG9iQuiKITOjNQQeQIpoIB6b16fm+504Ch3sNKLd8=",
        "owner": "edolstra",
        "repo": "flake-compat",
        "rev": "35bb57c0c8d8b62bbfd284272c928ceb64ddbde9",
        "type": "github"
      },
      "original": {
        "owner": "edolstra",
        "repo": "flake-compat",
        "type": "github"
      }
    },
    "flake-utils": {
      "locked": {
        "lastModified": 1667395993,
        "narHash": "sha256-nuEHfE/LcWyuSWnS8t12N1wc105Qtau+/OdUAjtQ0rA=",
        "owner": "numtide",
        "repo": "flake-utils",
        "rev": "5aed5285a952e0b949eb3ba02c12fa4fcfef535f",
        "type": "github"
      },
      "original": {
        "owner": "numtide",
        "repo": "flake-utils",
        "type": "github"
      }
    },
    "flake-utils_2": {
      "inputs": {
        "systems": "systems"
      },
      "locked": {
        "lastModified": 1681202837,
        "narHash": "sha256-H+Rh19JDwRtpVPAWp64F+rlEtxUWBAQW28eAi3SRSzg=",
        "owner": "numtide",
        "repo": "flake-utils",
        "rev": "cfacdce06f30d2b68473a46042957675eebb3401",
        "type": "github"
      },
      "original": {
        "owner": "numtide",
        "repo": "flake-utils",
        "type": "github"
      }
    },
    "flake-utils_3": {
      "locked": {
        "lastModified": 1667395993,
        "narHash": "sha256-nuEHfE/LcWyuSWnS8t12N1wc105Qtau+/OdUAjtQ0rA=",
        "owner": "numtide",
        "repo": "flake-utils",
        "rev": "5aed5285a952e0b949eb3ba02c12fa4fcfef535f",
        "type": "github"
      },
      "original": {
        "owner": "numtide",
        "repo": "flake-utils",
        "type": "github"
      }
    },
    "gitignore": {
      "inputs": {
        "nixpkgs": [
          "devenv",
          "pre-commit-hooks",
          "nixpkgs"
        ]
      },
      "locked": {
        "lastModified": 1660459072,
        "narHash": "sha256-8DFJjXG8zqoONA1vXtgeKXy68KdJL5UaXR8NtVMUbx8=",
        "owner": "hercules-ci",
        "repo": "gitignore.nix",
        "rev": "a20de23b925fd8264fd7fad6454652e142fd7f73",
        "type": "github"
      },
      "original": {
        "owner": "hercules-ci",
        "repo": "gitignore.nix",
        "type": "github"
      }
    },
    "gitignore_2": {
      "inputs": {
        "nixpkgs": [
          "pre-commit-hooks",
          "nixpkgs"
        ]
      },
      "locked": {
        "lastModified": 1660459072,
        "narHash": "sha256-8DFJjXG8zqoONA1vXtgeKXy68KdJL5UaXR8NtVMUbx8=",
        "owner": "hercules-ci",
        "repo": "gitignore.nix",
        "rev": "a20de23b925fd8264fd7fad6454652e142fd7f73",
        "type": "github"
      },
      "original": {
        "owner": "hercules-ci",
        "repo": "gitignore.nix",
        "type": "github"
      }
    },
    "home-manager": {
      "inputs": {
        "nixpkgs": [
          "nixpkgs"
        ]
      },
      "locked": {
        "lastModified": 1682759296,
        "narHash": "sha256-FgBfP1e+TnED0lT3L9G6KJ6j07xQElFMRdLIsmKQ0Ss=",
        "owner": "nix-community",
        "repo": "home-manager",
        "rev": "27d89b49e3cd3c83b9609a6ff9173a9b8d2d9ad4",
        "type": "github"
      },
      "original": {
        "owner": "nix-community",
        "ref": "master",
        "repo": "home-manager",
        "type": "github"
      }
    },
    "hyprland": {
      "inputs": {
        "hyprland-protocols": "hyprland-protocols",
        "nixpkgs": [
          "nixpkgs"
        ],
        "wlroots": "wlroots",
        "xdph": "xdph"
      },
      "locked": {
        "lastModified": 1682288546,
        "narHash": "sha256-3nQEW04pISreXVCwc52Gbt2spuzL/8EnCrtNFDx3Ahk=",
        "owner": "hyprwm",
        "repo": "Hyprland",
        "rev": "1a91c6ee603e3e779f288ad9189992faeda944f8",
        "type": "github"
      },
      "original": {
        "owner": "hyprwm",
        "repo": "Hyprland",
        "type": "github"
      }
    },
    "hyprland-protocols": {
      "inputs": {
        "nixpkgs": [
          "hyprland",
          "nixpkgs"
        ]
      },
      "locked": {
        "lastModified": 1681065697,
        "narHash": "sha256-QPzwwlGKX95tl6ZEshboZbEwwAXww6lNLdVYd6T9Mrc=",
        "owner": "hyprwm",
        "repo": "hyprland-protocols",
        "rev": "4d29e48433270a2af06b8bc711ca1fe5109746cd",
        "type": "github"
      },
      "original": {
        "owner": "hyprwm",
        "repo": "hyprland-protocols",
        "type": "github"
      }
    },
    "lain": {
      "flake": false,
      "locked": {
        "lastModified": 1673554968,
        "narHash": "sha256-MH/aiYfcO3lrcuNbnIu4QHqPq25LwzTprOhEJUJBJ7I=",
        "owner": "lcpz",
        "repo": "lain",
        "rev": "88f5a8abd2649b348ffec433a24a263b37f122c0",
        "type": "github"
      },
      "original": {
        "owner": "lcpz",
        "repo": "lain",
        "type": "github"
      }
    },
    "lowdown-src": {
      "flake": false,
      "locked": {
        "lastModified": 1633514407,
        "narHash": "sha256-Dw32tiMjdK9t3ETl5fzGrutQTzh2rufgZV4A/BbxuD4=",
        "owner": "kristapsdz",
        "repo": "lowdown",
        "rev": "d2c2b44ff6c27b936ec27358a2653caaef8f73b8",
        "type": "github"
      },
      "original": {
        "owner": "kristapsdz",
        "repo": "lowdown",
        "type": "github"
      }
    },
    "neovim-flake": {
      "inputs": {
        "flake-utils": "flake-utils_3",
        "nixpkgs": [
          "neovim-nightly-overlay",
          "nixpkgs"
        ]
      },
      "locked": {
        "dir": "contrib",
        "lastModified": 1682213005,
        "narHash": "sha256-b6Fx9z9Uxpc8ARCOWHf0SX8bpaRpzURvqbmlX1y+iZE=",
        "owner": "neovim",
        "repo": "neovim",
        "rev": "3ac952d4e27f4e2454332a730310316fe13fd4a3",
        "type": "github"
      },
      "original": {
        "dir": "contrib",
        "owner": "neovim",
        "repo": "neovim",
        "type": "github"
      }
    },
    "neovim-nightly-overlay": {
      "inputs": {
        "flake-compat": [
          "flake-compat"
        ],
        "neovim-flake": "neovim-flake",
        "nixpkgs": [
          "nixpkgs"
        ]
      },
      "locked": {
        "lastModified": 1682237548,
        "narHash": "sha256-7bXfvT8S2O+aqIfLsDk7eTQjX4JrchHh7TyqGCA5zPI=",
        "owner": "nix-community",
        "repo": "neovim-nightly-overlay",
        "rev": "3594ebd0f70ebc4553bb9e16accb1fd868dc3125",
        "type": "github"
      },
      "original": {
        "owner": "nix-community",
        "repo": "neovim-nightly-overlay",
        "type": "github"
      }
    },
    "nix": {
      "inputs": {
        "lowdown-src": "lowdown-src",
        "nixpkgs": [
          "devenv",
          "nixpkgs"
        ],
        "nixpkgs-regression": "nixpkgs-regression"
      },
      "locked": {
        "lastModified": 1676545802,
        "narHash": "sha256-EK4rZ+Hd5hsvXnzSzk2ikhStJnD63odF7SzsQ8CuSPU=",
        "owner": "domenkozar",
        "repo": "nix",
        "rev": "7c91803598ffbcfe4a55c44ac6d49b2cf07a527f",
        "type": "github"
      },
      "original": {
        "owner": "domenkozar",
        "ref": "relaxed-flakes",
        "repo": "nix",
        "type": "github"
      }
    },
    "nix-index-database": {
      "inputs": {
        "nixpkgs": [
          "nixpkgs"
        ]
      },
      "locked": {
        "lastModified": 1681591833,
        "narHash": "sha256-lW+xOELafAs29yw56FG4MzNOFkh8VHC/X/tRs1wsGn8=",
        "owner": "Mic92",
        "repo": "nix-index-database",
        "rev": "68ec961c51f48768f72d2bbdb396ce65a316677e",
        "type": "github"
      },
      "original": {
        "owner": "Mic92",
        "repo": "nix-index-database",
        "type": "github"
      }
    },
    "nix-matlab": {
      "inputs": {
        "flake-compat": "flake-compat_3",
        "nixpkgs": [
          "nixpkgs"
        ]
      },
      "locked": {
        "lastModified": 1682175706,
        "narHash": "sha256-1qJT6EDAekgVducXz13xAsiY+ah8mNxqpki5HqYlWu8=",
        "owner": "doronbehar",
        "repo": "nix-matlab",
        "rev": "9c0611d64763a41277eefeb7e0bec463f5959118",
        "type": "gitlab"
      },
      "original": {
        "owner": "doronbehar",
        "repo": "nix-matlab",
        "type": "gitlab"
      }
    },
    "nix-minecraft": {
      "inputs": {
        "flake-utils": [
          "flake-utils"
        ],
        "nixpkgs": [
          "nixpkgs"
        ]
      },
      "locked": {
        "lastModified": 1682214305,
        "narHash": "sha256-QEcPQqXFYo+aqsVe9+7g68G1r3C66UpGcvI5ZVIJ5Gs=",
        "owner": "Infinidoge",
        "repo": "nix-minecraft",
        "rev": "5204517882579d481e6c30350d30c759a14f82e5",
        "type": "github"
      },
      "original": {
        "owner": "Infinidoge",
        "repo": "nix-minecraft",
        "type": "github"
      }
    },
    "nixpkgs": {
      "locked": {
        "lastModified": 1677534593,
        "narHash": "sha256-PuZSAHeq4/9pP/uYH1FcagQ3nLm/DrDrvKi/xC9glvw=",
        "owner": "NixOS",
        "repo": "nixpkgs",
        "rev": "3ad64d9e2d5bf80c877286102355b1625891ae9a",
        "type": "github"
      },
      "original": {
        "owner": "NixOS",
        "ref": "nixpkgs-unstable",
        "repo": "nixpkgs",
        "type": "github"
      }
    },
    "nixpkgs-regression": {
      "locked": {
        "lastModified": 1643052045,
        "narHash": "sha256-uGJ0VXIhWKGXxkeNnq4TvV3CIOkUJ3PAoLZ3HMzNVMw=",
        "owner": "NixOS",
        "repo": "nixpkgs",
        "rev": "215d4d0fd80ca5163643b03a33fde804a29cc1e2",
        "type": "github"
      },
      "original": {
        "owner": "NixOS",
        "repo": "nixpkgs",
        "rev": "215d4d0fd80ca5163643b03a33fde804a29cc1e2",
        "type": "github"
      }
    },
    "nixpkgs-stable": {
      "locked": {
        "lastModified": 1673800717,
        "narHash": "sha256-SFHraUqLSu5cC6IxTprex/nTsI81ZQAtDvlBvGDWfnA=",
        "owner": "NixOS",
        "repo": "nixpkgs",
        "rev": "2f9fd351ec37f5d479556cd48be4ca340da59b8f",
        "type": "github"
      },
      "original": {
        "owner": "NixOS",
        "ref": "nixos-22.11",
        "repo": "nixpkgs",
        "type": "github"
      }
    },
    "nixpkgs-stable_2": {
      "locked": {
        "lastModified": 1678872516,
        "narHash": "sha256-/E1YwtMtFAu2KUQKV/1+KFuReYPANM2Rzehk84VxVoc=",
        "owner": "NixOS",
        "repo": "nixpkgs",
        "rev": "9b8e5abb18324c7fe9f07cb100c3cd4a29cda8b8",
        "type": "github"
      },
      "original": {
        "owner": "NixOS",
        "ref": "nixos-22.11",
        "repo": "nixpkgs",
        "type": "github"
      }
    },
    "nixpkgs-stable_3": {
      "locked": {
        "lastModified": 1682173319,
        "narHash": "sha256-tPhOpJJ+wrWIusvGgIB2+x6ILfDkEgQMX0BTtM5vd/4=",
        "owner": "NixOS",
        "repo": "nixpkgs",
        "rev": "ee7ec1c71adc47d2e3c2d5eb0d6b8fbbd42a8d1c",
        "type": "github"
      },
      "original": {
        "owner": "NixOS",
        "ref": "release-22.11",
        "repo": "nixpkgs",
        "type": "github"
      }
    },
    "nixpkgs_2": {
      "locked": {
        "lastModified": 1682181988,
        "narHash": "sha256-CYWhlNi16cjGzMby9h57gpYE59quBcsHPXiFgX4Sw5k=",
        "owner": "nixos",
        "repo": "nixpkgs",
        "rev": "6c43a3495a11e261e5f41e5d7eda2d71dae1b2fe",
        "type": "github"
      },
      "original": {
        "owner": "nixos",
        "ref": "nixos-unstable",
        "repo": "nixpkgs",
        "type": "github"
      }
    },
    "nixpkgs_stable": {
      "locked": {
        "lastModified": 1672580127,
        "narHash": "sha256-3lW3xZslREhJogoOkjeZtlBtvFMyxHku7I/9IVehhT8=",
        "owner": "nixos",
        "repo": "nixpkgs",
        "rev": "0874168639713f547c05947c76124f78441ea46c",
        "type": "github"
      },
      "original": {
        "owner": "nixos",
        "ref": "nixos-22.05",
        "repo": "nixpkgs",
        "type": "github"
      }
    },
    "nixpkgs_trunk": {
      "locked": {
        "lastModified": 1682289468,
        "narHash": "sha256-x19qrxotC4pAD3oingiY/MpJJGJIucMOUAeZNn4NFN8=",
        "owner": "nixos",
        "repo": "nixpkgs",
        "rev": "d9ad436f9a3ee28ecb8f73723b201d0d84b6366b",
        "type": "github"
      },
      "original": {
        "owner": "nixos",
        "repo": "nixpkgs",
        "type": "github"
      }
    },
    "nvim-R": {
      "flake": false,
      "locked": {
        "lastModified": 1664446919,
        "narHash": "sha256-nhv4/STSCA1679goAQecdjY3dzPyihCXuQRRLiLkJxg=",
        "owner": "jalvesaq",
        "repo": "Nvim-R",
        "rev": "d747df149a69b95d7c2383979ede458f31679fa4",
        "type": "github"
      },
      "original": {
        "owner": "jalvesaq",
        "ref": "v0.9.17",
        "repo": "Nvim-R",
        "type": "github"
      }
    },
    "pre-commit-hooks": {
      "inputs": {
        "flake-compat": [
          "devenv",
          "flake-compat"
        ],
        "flake-utils": "flake-utils",
        "gitignore": "gitignore",
        "nixpkgs": [
          "devenv",
          "nixpkgs"
        ],
        "nixpkgs-stable": "nixpkgs-stable"
      },
      "locked": {
        "lastModified": 1677160285,
        "narHash": "sha256-tBzpCjMP+P3Y3nKLYvdBkXBg3KvTMo3gvi8tLQaqXVY=",
        "owner": "cachix",
        "repo": "pre-commit-hooks.nix",
        "rev": "2bd861ab81469428d9c823ef72c4bb08372dd2c4",
        "type": "github"
      },
      "original": {
        "owner": "cachix",
        "repo": "pre-commit-hooks.nix",
        "type": "github"
      }
    },
    "pre-commit-hooks_2": {
      "inputs": {
        "flake-compat": "flake-compat_4",
        "flake-utils": [
          "flake-utils"
        ],
        "gitignore": "gitignore_2",
        "nixpkgs": [
          "nixpkgs"
        ],
        "nixpkgs-stable": "nixpkgs-stable_2"
      },
      "locked": {
        "lastModified": 1681831107,
        "narHash": "sha256-pXl3DPhhul9NztSetUJw2fcN+RI3sGOYgKu29xpgnqw=",
        "owner": "cachix",
        "repo": "pre-commit-hooks.nix",
        "rev": "b7ca8f6fff42f6af75c17f9438fed1686b7d855d",
        "type": "github"
      },
      "original": {
        "owner": "cachix",
        "repo": "pre-commit-hooks.nix",
        "type": "github"
      }
    },
    "root": {
      "inputs": {
        "agenix": "agenix",
        "awesome": "awesome",
        "awesome-config": "awesome-config",
        "deploy-rs": "deploy-rs",
        "devenv": "devenv",
        "firefox-addons": "firefox-addons",
        "flake-compat": "flake-compat_2",
        "flake-utils": "flake-utils_2",
        "home-manager": "home-manager",
        "hyprland": "hyprland",
        "lain": "lain",
        "neovim-nightly-overlay": "neovim-nightly-overlay",
        "nix-index-database": "nix-index-database",
        "nix-matlab": "nix-matlab",
        "nix-minecraft": "nix-minecraft",
        "nixpkgs": "nixpkgs_2",
        "nixpkgs_stable": "nixpkgs_stable",
        "nixpkgs_trunk": "nixpkgs_trunk",
        "nvim-R": "nvim-R",
        "pre-commit-hooks": "pre-commit-hooks_2",
        "sops-nix": "sops-nix"
      }
    },
    "sops-nix": {
      "inputs": {
        "nixpkgs": [
          "nixpkgs"
        ],
        "nixpkgs-stable": "nixpkgs-stable_3"
      },
      "locked": {
        "lastModified": 1682218555,
        "narHash": "sha256-kojMklCNBnPe8KtRvJvBtFGU/gPAqRKYpZEqyehHfn4=",
        "owner": "Mic92",
        "repo": "sops-nix",
        "rev": "8a95e6f8cd160a05c2b560e66f702432a53b59ac",
        "type": "github"
      },
      "original": {
        "owner": "Mic92",
        "repo": "sops-nix",
        "type": "github"
      }
    },
    "systems": {
      "locked": {
        "lastModified": 1681028828,
        "narHash": "sha256-Vy1rq5AaRuLzOxct8nz4T6wlgyUR7zLU309k9mBC768=",
        "owner": "nix-systems",
        "repo": "default",
        "rev": "da67096a3b9bf56a91d16901293e51ba5b49a27e",
        "type": "github"
      },
      "original": {
        "owner": "nix-systems",
        "repo": "default",
        "type": "github"
      }
    },
    "wlroots": {
      "flake": false,
      "locked": {
        "host": "gitlab.freedesktop.org",
        "lastModified": 1681806570,
        "narHash": "sha256-Q3En42poeOlVJz4K1rg7p7hrlNCpC0dQy91R4Ucoapc=",
        "owner": "wlroots",
        "repo": "wlroots",
        "rev": "00489b11a0d926058d23584e2ad0e2b64f5b7406",
        "type": "gitlab"
      },
      "original": {
        "host": "gitlab.freedesktop.org",
        "owner": "wlroots",
        "repo": "wlroots",
        "type": "gitlab"
      }
    },
    "xdph": {
      "inputs": {
        "hyprland-protocols": [
          "hyprland",
          "hyprland-protocols"
        ],
        "nixpkgs": [
          "hyprland",
          "nixpkgs"
        ]
      },
      "locked": {
        "lastModified": 1681489757,
        "narHash": "sha256-FxgZ2jBU+wmbjIv7F4N5Jx6h+LD4aQ+bXHrzrbxapJk=",
        "owner": "hyprwm",
        "repo": "xdg-desktop-portal-hyprland",
        "rev": "bf035bf3d5b56fd3da9d11966ad0b3c57f852d78",
        "type": "github"
      },
      "original": {
        "owner": "hyprwm",
        "repo": "xdg-desktop-portal-hyprland",
        "type": "github"
      }
    }
  },
  "root": "root",
  "version": 7
}
